
Microsoft Visual Studio Solution File, Format Version 12.00
# Visual Studio Version 17
VisualStudioVersion = 17.10.35122.118
MinimumVisualStudioVersion = 10.0.40219.1
Project("{9A19103F-16F7-4668-BE54-9A1E7A4F7556}") = "AirBNBClone", "AirBNBClone\AirBNBClone.csproj", "{44C25AC5-ADC2-49EE-A903-2CA2DC679EC2}"
EndProject
Project("{9A19103F-16F7-4668-BE54-9A1E7A4F7556}") = "DataAccess", "DataAccess\DataAccess.csproj", "{BF5FA977-1829-43A5-A56C-46A003158EF5}"
EndProject
Project("{9A19103F-16F7-4668-BE54-9A1E7A4F7556}") = "Infrastructure", "Infrastructure\Infrastructure.csproj", "{4A038289-26AB-40B4-9640-4D800DED92EE}"
EndProject
Project("{9A19103F-16F7-4668-BE54-9A1E7A4F7556}") = "Utility", "Utility\Utility.csproj", "{8D6EAE90-6BEE-4317-B9A8-C04240400B04}"
EndProject
Global
	GlobalSection(SolutionConfigurationPlatforms) = preSolution
		Debug|Any CPU = Debug|Any CPU
		Release|Any CPU = Release|Any CPU
	EndGlobalSection
	GlobalSection(ProjectConfigurationPlatforms) = postSolution
		{44C25AC5-ADC2-49EE-A903-2CA2DC679EC2}.Debug|Any CPU.ActiveCfg = Debug|Any CPU
		{44C25AC5-ADC2-49EE-A903-2CA2DC679EC2}.Debug|Any CPU.Build.0 = Debug|Any CPU
		{44C25AC5-ADC2-49EE-A903-2CA2DC679EC2}.Release|Any CPU.ActiveCfg = Release|Any CPU
		{44C25AC5-ADC2-49EE-A903-2CA2DC679EC2}.Release|Any CPU.Build.0 = Release|Any CPU
		{BF5FA977-1829-43A5-A56C-46A003158EF5}.Debug|Any CPU.ActiveCfg = Debug|Any CPU
		{BF5FA977-1829-43A5-A56C-46A003158EF5}.Debug|Any CPU.Build.0 = Debug|Any CPU
		{BF5FA977-1829-43A5-A56C-46A003158EF5}.Release|Any CPU.ActiveCfg = Release|Any CPU
		{BF5FA977-1829-43A5-A56C-46A003158EF5}.Release|Any CPU.Build.0 = Release|Any CPU
		{4A038289-26AB-40B4-9640-4D800DED92EE}.Debug|Any CPU.ActiveCfg = Debug|Any CPU
		{4A038289-26AB-40B4-9640-4D800DED92EE}.Debug|Any CPU.Build.0 = Debug|Any CPU
		{4A038289-26AB-40B4-9640-4D800DED92EE}.Release|Any CPU.ActiveCfg = Release|Any CPU
		{4A038289-26AB-40B4-9640-4D800DED92EE}.Release|Any CPU.Build.0 = Release|Any CPU
		{8D6EAE90-6BEE-4317-B9A8-C04240400B04}.Debug|Any CPU.ActiveCfg = Debug|Any CPU
		{8D6EAE90-6BEE-4317-B9A8-C04240400B04}.Debug|Any CPU.Build.0 = Debug|Any CPU
		{8D6EAE90-6BEE-4317-B9A8-C04240400B04}.Release|Any CPU.ActiveCfg = Release|Any CPU
		{8D6EAE90-6BEE-4317-B9A8-C04240400B04}.Release|Any CPU.Build.0 = Release|Any CPU
	EndGlobalSection
	GlobalSection(SolutionProperties) = preSolution
		HideSolutionNode = FALSE
	EndGlobalSection
	GlobalSection(ExtensibilityGlobals) = postSolution
		SolutionGuid = {1622A759-1159-44B6-BE31-72A8DC3204C1}
	EndGlobalSection
EndGlobal
